
Microsoft Visual Studio Solution File, Format Version 12.00
# Visual Studio Version 16
VisualStudioVersion = 16.0.31019.35
MinimumVisualStudioVersion = 10.0.40219.1
Project("{FAE04EC0-301F-11D3-BF4B-00C04F79EFBC}") = "FinalProject", "FinalProject\FinalProject.csproj", "{041F62A4-B08A-4071-AB58-5BC9849CC62A}"
EndProject
Global
	GlobalSection(SolutionConfigurationPlatforms) = preSolution
		Debug|Any CPU = Debug|Any CPU
		Release|Any CPU = Release|Any CPU
	EndGlobalSection
	GlobalSection(ProjectConfigurationPlatforms) = postSolution
		{041F62A4-B08A-4071-AB58-5BC9849CC62A}.Debug|Any CPU.ActiveCfg = Debug|Any CPU
		{041F62A4-B08A-4071-AB58-5BC9849CC62A}.Debug|Any CPU.Build.0 = Debug|Any CPU
		{041F62A4-B08A-4071-AB58-5BC9849CC62A}.Release|Any CPU.ActiveCfg = Release|Any CPU
		{041F62A4-B08A-4071-AB58-5BC9849CC62A}.Release|Any CPU.Build.0 = Release|Any CPU
	EndGlobalSection
	GlobalSection(SolutionProperties) = preSolution
		HideSolutionNode = FALSE
	EndGlobalSection
	GlobalSection(ExtensibilityGlobals) = postSolution
		SolutionGuid = {3A59BD1F-B10E-4376-A03C-463C83BA9113}
	EndGlobalSection
EndGlobal
